
Microsoft Visual Studio Solution File, Format Version 12.00
# Visual Studio Version 16
VisualStudioVersion = 25.0.1706.4
MinimumVisualStudioVersion = 10.0.40219.1
Project("{FAE04EC0-301F-11D3-BF4B-00C04F79EFBC}") = "Tortiki", "Tortiki.csproj", "{362D5014-30AE-4684-A083-640DB4E2D44B}"
EndProject
Global
	GlobalSection(SolutionConfigurationPlatforms) = preSolution
		Debug|Any CPU = Debug|Any CPU
		Release|Any CPU = Release|Any CPU
	EndGlobalSection
	GlobalSection(ProjectConfigurationPlatforms) = postSolution
		{362D5014-30AE-4684-A083-640DB4E2D44B}.Debug|Any CPU.ActiveCfg = Debug|Any CPU
		{362D5014-30AE-4684-A083-640DB4E2D44B}.Debug|Any CPU.Build.0 = Debug|Any CPU
		{362D5014-30AE-4684-A083-640DB4E2D44B}.Release|Any CPU.ActiveCfg = Release|Any CPU
		{362D5014-30AE-4684-A083-640DB4E2D44B}.Release|Any CPU.Build.0 = Release|Any CPU
	EndGlobalSection
	GlobalSection(SolutionProperties) = preSolution
		HideSolutionNode = FALSE
	EndGlobalSection
	GlobalSection(ExtensibilityGlobals) = postSolution
		SolutionGuid = {E53E92FF-3137-469C-9D98-FA6B207AB642}
	EndGlobalSection
EndGlobal
